
Microsoft Visual Studio Solution File, Format Version 11.00
# Visual Studio 2010
Project("{8BC9CEB8-8B4A-11D0-8D11-00A0C91BC942}") = "Ejercicio9STLRelacion4", "Ejercicio9STLRelacion4\Ejercicio9STLRelacion4.vcxproj", "{8CAC023C-CD88-45DC-9A1F-A3C224EA22DE}"
EndProject
Global
	GlobalSection(SolutionConfigurationPlatforms) = preSolution
		Debug|Win32 = Debug|Win32
		Release|Win32 = Release|Win32
	EndGlobalSection
	GlobalSection(ProjectConfigurationPlatforms) = postSolution
		{8CAC023C-CD88-45DC-9A1F-A3C224EA22DE}.Debug|Win32.ActiveCfg = Debug|Win32
		{8CAC023C-CD88-45DC-9A1F-A3C224EA22DE}.Debug|Win32.Build.0 = Debug|Win32
		{8CAC023C-CD88-45DC-9A1F-A3C224EA22DE}.Release|Win32.ActiveCfg = Release|Win32
		{8CAC023C-CD88-45DC-9A1F-A3C224EA22DE}.Release|Win32.Build.0 = Release|Win32
	EndGlobalSection
	GlobalSection(SolutionProperties) = preSolution
		HideSolutionNode = FALSE
	EndGlobalSection
EndGlobal
