
Microsoft Visual Studio Solution File, Format Version 11.00
# Visual Studio 2010
Project("{8BC9CEB8-8B4A-11D0-8D11-00A0C91BC942}") = "Ejercicio24Relacion2", "Ejercicio24Relacion2\Ejercicio24Relacion2.vcxproj", "{A42F7F9B-2F0E-4E54-BB63-13610C5572F2}"
EndProject
Global
	GlobalSection(SolutionConfigurationPlatforms) = preSolution
		Debug|Win32 = Debug|Win32
		Release|Win32 = Release|Win32
	EndGlobalSection
	GlobalSection(ProjectConfigurationPlatforms) = postSolution
		{A42F7F9B-2F0E-4E54-BB63-13610C5572F2}.Debug|Win32.ActiveCfg = Debug|Win32
		{A42F7F9B-2F0E-4E54-BB63-13610C5572F2}.Debug|Win32.Build.0 = Debug|Win32
		{A42F7F9B-2F0E-4E54-BB63-13610C5572F2}.Release|Win32.ActiveCfg = Release|Win32
		{A42F7F9B-2F0E-4E54-BB63-13610C5572F2}.Release|Win32.Build.0 = Release|Win32
	EndGlobalSection
	GlobalSection(SolutionProperties) = preSolution
		HideSolutionNode = FALSE
	EndGlobalSection
EndGlobal
