
Microsoft Visual Studio Solution File, Format Version 11.00
# Visual Studio 2010
Project("{8BC9CEB8-8B4A-11D0-8D11-00A0C91BC942}") = "ejercicio22relacion1", "ejercicio22relacion1\ejercicio22relacion1.vcxproj", "{BA3FCE48-0CF8-49F7-9B66-F1D239E6D456}"
EndProject
Global
	GlobalSection(SolutionConfigurationPlatforms) = preSolution
		Debug|Win32 = Debug|Win32
		Release|Win32 = Release|Win32
	EndGlobalSection
	GlobalSection(ProjectConfigurationPlatforms) = postSolution
		{BA3FCE48-0CF8-49F7-9B66-F1D239E6D456}.Debug|Win32.ActiveCfg = Debug|Win32
		{BA3FCE48-0CF8-49F7-9B66-F1D239E6D456}.Debug|Win32.Build.0 = Debug|Win32
		{BA3FCE48-0CF8-49F7-9B66-F1D239E6D456}.Release|Win32.ActiveCfg = Release|Win32
		{BA3FCE48-0CF8-49F7-9B66-F1D239E6D456}.Release|Win32.Build.0 = Release|Win32
	EndGlobalSection
	GlobalSection(SolutionProperties) = preSolution
		HideSolutionNode = FALSE
	EndGlobalSection
EndGlobal
