
Microsoft Visual Studio Solution File, Format Version 11.00
# Visual Studio 2010
Project("{8BC9CEB8-8B4A-11D0-8D11-00A0C91BC942}") = "ejercicio8relacion3", "ejercicio8relacion3\ejercicio8relacion3.vcxproj", "{8CCA8BA3-4A11-45AE-A041-87B75E1F28C5}"
EndProject
Global
	GlobalSection(SolutionConfigurationPlatforms) = preSolution
		Debug|Win32 = Debug|Win32
		Release|Win32 = Release|Win32
	EndGlobalSection
	GlobalSection(ProjectConfigurationPlatforms) = postSolution
		{8CCA8BA3-4A11-45AE-A041-87B75E1F28C5}.Debug|Win32.ActiveCfg = Debug|Win32
		{8CCA8BA3-4A11-45AE-A041-87B75E1F28C5}.Debug|Win32.Build.0 = Debug|Win32
		{8CCA8BA3-4A11-45AE-A041-87B75E1F28C5}.Release|Win32.ActiveCfg = Release|Win32
		{8CCA8BA3-4A11-45AE-A041-87B75E1F28C5}.Release|Win32.Build.0 = Release|Win32
	EndGlobalSection
	GlobalSection(SolutionProperties) = preSolution
		HideSolutionNode = FALSE
	EndGlobalSection
EndGlobal
