
Microsoft Visual Studio Solution File, Format Version 11.00
# Visual Studio 2010
Project("{8BC9CEB8-8B4A-11D0-8D11-00A0C91BC942}") = "ejercicio7relacion3", "ejercicio7relacion3\ejercicio7relacion3.vcxproj", "{BAE63627-7EC2-4FFE-A537-B4D8DF8E64AC}"
EndProject
Global
	GlobalSection(SolutionConfigurationPlatforms) = preSolution
		Debug|Win32 = Debug|Win32
		Release|Win32 = Release|Win32
	EndGlobalSection
	GlobalSection(ProjectConfigurationPlatforms) = postSolution
		{BAE63627-7EC2-4FFE-A537-B4D8DF8E64AC}.Debug|Win32.ActiveCfg = Debug|Win32
		{BAE63627-7EC2-4FFE-A537-B4D8DF8E64AC}.Debug|Win32.Build.0 = Debug|Win32
		{BAE63627-7EC2-4FFE-A537-B4D8DF8E64AC}.Release|Win32.ActiveCfg = Release|Win32
		{BAE63627-7EC2-4FFE-A537-B4D8DF8E64AC}.Release|Win32.Build.0 = Release|Win32
	EndGlobalSection
	GlobalSection(SolutionProperties) = preSolution
		HideSolutionNode = FALSE
	EndGlobalSection
EndGlobal
